
Microsoft Visual Studio Solution File, Format Version 12.00
# Visual Studio Version 16
VisualStudioVersion = 16.0.30011.22
MinimumVisualStudioVersion = 10.0.40219.1
Project("{8BC9CEB8-8B4A-11D0-8D11-00A0C91BC942}") = "WebmLooper", "WebmLooper.vcxproj", "{9EA5425F-563E-47C1-B960-84B0AE01315E}"
EndProject
Global
	GlobalSection(SolutionConfigurationPlatforms) = preSolution
		Debug|x64 = Debug|x64
		Debug|x86 = Debug|x86
		Release|x64 = Release|x64
		Release|x86 = Release|x86
	EndGlobalSection
	GlobalSection(ProjectConfigurationPlatforms) = postSolution
		{9EA5425F-563E-47C1-B960-84B0AE01315E}.Debug|x64.ActiveCfg = Debug|x64
		{9EA5425F-563E-47C1-B960-84B0AE01315E}.Debug|x64.Build.0 = Debug|x64
		{9EA5425F-563E-47C1-B960-84B0AE01315E}.Debug|x86.ActiveCfg = Debug|Win32
		{9EA5425F-563E-47C1-B960-84B0AE01315E}.Debug|x86.Build.0 = Debug|Win32
		{9EA5425F-563E-47C1-B960-84B0AE01315E}.Release|x64.ActiveCfg = Release|x64
		{9EA5425F-563E-47C1-B960-84B0AE01315E}.Release|x64.Build.0 = Release|x64
		{9EA5425F-563E-47C1-B960-84B0AE01315E}.Release|x86.ActiveCfg = Release|Win32
		{9EA5425F-563E-47C1-B960-84B0AE01315E}.Release|x86.Build.0 = Release|Win32
	EndGlobalSection
	GlobalSection(SolutionProperties) = preSolution
		HideSolutionNode = FALSE
	EndGlobalSection
	GlobalSection(ExtensibilityGlobals) = postSolution
		SolutionGuid = {B774ABE3-734F-412B-9293-3F356F6F6E5C}
	EndGlobalSection
EndGlobal
